// !$*UTF8*$!
{
	archiveVersion = 1;
	classes = {
	};
	objectVersion = 50;
	objects = {

/* Begin PBXBuildFile section */
		4D651073234E7FC800D02E24 /* AppDelegate.swift in Sources */ = {isa = PBXBuildFile; fileRef = 4D651072234E7FC800D02E24 /* AppDelegate.swift */; };
		4D651078234E7FC800D02E24 /* Main.storyboard in Resources */ = {isa = PBXBuildFile; fileRef = 4D651076234E7FC800D02E24 /* Main.storyboard */; };
		4D65107A234E7FC800D02E24 /* Assets.xcassets in Resources */ = {isa = PBXBuildFile; fileRef = 4D651079234E7FC800D02E24 /* Assets.xcassets */; };
		4D65107D234E7FC800D02E24 /* LaunchScreen.storyboard in Resources */ = {isa = PBXBuildFile; fileRef = 4D65107B234E7FC800D02E24 /* LaunchScreen.storyboard */; };
		4D651085234E82F200D02E24 /* TableViewController.swift in Sources */ = {isa = PBXBuildFile; fileRef = 4D651084234E82F200D02E24 /* TableViewController.swift */; };
		4D651092234E8AA700D02E24 /* DetailViewController.swift in Sources */ = {isa = PBXBuildFile; fileRef = 4D651091234E8AA700D02E24 /* DetailViewController.swift */; };
		4D651094234F064C00D02E24 /* TableViewCell.swift in Sources */ = {isa = PBXBuildFile; fileRef = 4D651093234F064C00D02E24 /* TableViewCell.swift */; };
		4D651096234F07F700D02E24 /* ItemsMovie.swift in Sources */ = {isa = PBXBuildFile; fileRef = 4D651095234F07F700D02E24 /* ItemsMovie.swift */; };
		4D6510982350181A00D02E24 /* PayViewController.swift in Sources */ = {isa = PBXBuildFile; fileRef = 4D6510972350181A00D02E24 /* PayViewController.swift */; };
		4D65109C235083F500D02E24 /* TicketViewController.swift in Sources */ = {isa = PBXBuildFile; fileRef = 4D65109B235083F500D02E24 /* TicketViewController.swift */; };
		4D65109E2350E1CC00D02E24 /* CandyTableViewController.swift in Sources */ = {isa = PBXBuildFile; fileRef = 4D65109D2350E1CC00D02E24 /* CandyTableViewController.swift */; };
		4D6510A02350E47400D02E24 /* CandyTableViewCell.swift in Sources */ = {isa = PBXBuildFile; fileRef = 4D65109F2350E47400D02E24 /* CandyTableViewCell.swift */; };
		4D6510A22350E87D00D02E24 /* ItemsCandy.swift in Sources */ = {isa = PBXBuildFile; fileRef = 4D6510A12350E87D00D02E24 /* ItemsCandy.swift */; };
		4D6510A4235101FE00D02E24 /* PayCandyViewController.swift in Sources */ = {isa = PBXBuildFile; fileRef = 4D6510A3235101FE00D02E24 /* PayCandyViewController.swift */; };
/* End PBXBuildFile section */

/* Begin PBXFileReference section */
		4D65106F234E7FC800D02E24 /* Cineapp_1_1.app */ = {isa = PBXFileReference; explicitFileType = wrapper.application; includeInIndex = 0; path = Cineapp_1_1.app; sourceTree = BUILT_PRODUCTS_DIR; };
		4D651072234E7FC800D02E24 /* AppDelegate.swift */ = {isa = PBXFileReference; lastKnownFileType = sourcecode.swift; path = AppDelegate.swift; sourceTree = "<group>"; };
		4D651077234E7FC800D02E24 /* Base */ = {isa = PBXFileReference; lastKnownFileType = file.storyboard; name = Base; path = Base.lproj/Main.storyboard; sourceTree = "<group>"; };
		4D651079234E7FC800D02E24 /* Assets.xcassets */ = {isa = PBXFileReference; lastKnownFileType = folder.assetcatalog; path = Assets.xcassets; sourceTree = "<group>"; };
		4D65107C234E7FC800D02E24 /* Base */ = {isa = PBXFileReference; lastKnownFileType = file.storyboard; name = Base; path = Base.lproj/LaunchScreen.storyboard; sourceTree = "<group>"; };
		4D65107E234E7FC800D02E24 /* Info.plist */ = {isa = PBXFileReference; lastKnownFileType = text.plist.xml; path = Info.plist; sourceTree = "<group>"; };
		4D651084234E82F200D02E24 /* TableViewController.swift */ = {isa = PBXFileReference; lastKnownFileType = sourcecode.swift; path = TableViewController.swift; sourceTree = "<group>"; };
		4D651091234E8AA700D02E24 /* DetailViewController.swift */ = {isa = PBXFileReference; lastKnownFileType = sourcecode.swift; path = DetailViewController.swift; sourceTree = "<group>"; };
		4D651093234F064C00D02E24 /* TableViewCell.swift */ = {isa = PBXFileReference; lastKnownFileType = sourcecode.swift; path = TableViewCell.swift; sourceTree = "<group>"; };
		4D651095234F07F700D02E24 /* ItemsMovie.swift */ = {isa = PBXFileReference; lastKnownFileType = sourcecode.swift; path = ItemsMovie.swift; sourceTree = "<group>"; };
		4D6510972350181A00D02E24 /* PayViewController.swift */ = {isa = PBXFileReference; lastKnownFileType = sourcecode.swift; path = PayViewController.swift; sourceTree = "<group>"; };
		4D65109B235083F500D02E24 /* TicketViewController.swift */ = {isa = PBXFileReference; lastKnownFileType = sourcecode.swift; path = TicketViewController.swift; sourceTree = "<group>"; };
		4D65109D2350E1CC00D02E24 /* CandyTableViewController.swift */ = {isa = PBXFileReference; lastKnownFileType = sourcecode.swift; path = CandyTableViewController.swift; sourceTree = "<group>"; };
		4D65109F2350E47400D02E24 /* CandyTableViewCell.swift */ = {isa = PBXFileReference; lastKnownFileType = sourcecode.swift; path = CandyTableViewCell.swift; sourceTree = "<group>"; };
		4D6510A12350E87D00D02E24 /* ItemsCandy.swift */ = {isa = PBXFileReference; lastKnownFileType = sourcecode.swift; path = ItemsCandy.swift; sourceTree = "<group>"; };
		4D6510A3235101FE00D02E24 /* PayCandyViewController.swift */ = {isa = PBXFileReference; lastKnownFileType = sourcecode.swift; path = PayCandyViewController.swift; sourceTree = "<group>"; };
/* End PBXFileReference section */

/* Begin PBXFrameworksBuildPhase section */
		4D65106C234E7FC800D02E24 /* Frameworks */ = {
			isa = PBXFrameworksBuildPhase;
			buildActionMask = 2147483647;
			files = (
			);
			runOnlyForDeploymentPostprocessing = 0;
		};
/* End PBXFrameworksBuildPhase section */

/* Begin PBXGroup section */
		4D651066234E7FC700D02E24 = {
			isa = PBXGroup;
			children = (
				4D651071234E7FC800D02E24 /* Cineapp_1_1 */,
				4D651070234E7FC800D02E24 /* Products */,
			);
			sourceTree = "<group>";
		};
		4D651070234E7FC800D02E24 /* Products */ = {
			isa = PBXGroup;
			children = (
				4D65106F234E7FC800D02E24 /* Cineapp_1_1.app */,
			);
			name = Products;
			sourceTree = "<group>";
		};
		4D651071234E7FC800D02E24 /* Cineapp_1_1 */ = {
			isa = PBXGroup;
			children = (
				4D651072234E7FC800D02E24 /* AppDelegate.swift */,
				4D651084234E82F200D02E24 /* TableViewController.swift */,
				4D651091234E8AA700D02E24 /* DetailViewController.swift */,
				4D651093234F064C00D02E24 /* TableViewCell.swift */,
				4D651095234F07F700D02E24 /* ItemsMovie.swift */,
				4D6510A12350E87D00D02E24 /* ItemsCandy.swift */,
				4D6510972350181A00D02E24 /* PayViewController.swift */,
				4D65109B235083F500D02E24 /* TicketViewController.swift */,
				4D65109D2350E1CC00D02E24 /* CandyTableViewController.swift */,
				4D65109F2350E47400D02E24 /* CandyTableViewCell.swift */,
				4D6510A3235101FE00D02E24 /* PayCandyViewController.swift */,
				4D651076234E7FC800D02E24 /* Main.storyboard */,
				4D651079234E7FC800D02E24 /* Assets.xcassets */,
				4D65107B234E7FC800D02E24 /* LaunchScreen.storyboard */,
				4D65107E234E7FC800D02E24 /* Info.plist */,
			);
			path = Cineapp_1_1;
			sourceTree = "<group>";
		};
/* End PBXGroup section */

/* Begin PBXNativeTarget section */
		4D65106E234E7FC800D02E24 /* Cineapp_1_1 */ = {
			isa = PBXNativeTarget;
			buildConfigurationList = 4D651081234E7FC800D02E24 /* Build configuration list for PBXNativeTarget "Cineapp_1_1" */;
			buildPhases = (
				4D65106B234E7FC800D02E24 /* Sources */,
				4D65106C234E7FC800D02E24 /* Frameworks */,
				4D65106D234E7FC800D02E24 /* Resources */,
			);
			buildRules = (
			);
			dependencies = (
			);
			name = Cineapp_1_1;
			productName = Cineapp_1_1;
			productReference = 4D65106F234E7FC800D02E24 /* Cineapp_1_1.app */;
			productType = "com.apple.product-type.application";
		};
/* End PBXNativeTarget section */

/* Begin PBXProject section */
		4D651067234E7FC700D02E24 /* Project object */ = {
			isa = PBXProject;
			attributes = {
				LastSwiftUpdateCheck = 1030;
				LastUpgradeCheck = 1030;
				ORGANIZATIONNAME = "Rodolfo Ortiz";
				TargetAttributes = {
					4D65106E234E7FC800D02E24 = {
						CreatedOnToolsVersion = 10.3;
					};
				};
			};
			buildConfigurationList = 4D65106A234E7FC700D02E24 /* Build configuration list for PBXProject "Cineapp_1_1" */;
			compatibilityVersion = "Xcode 9.3";
			developmentRegion = en;
			hasScannedForEncodings = 0;
			knownRegions = (
				en,
				Base,
			);
			mainGroup = 4D651066234E7FC700D02E24;
			productRefGroup = 4D651070234E7FC800D02E24 /* Products */;
			projectDirPath = "";
			projectRoot = "";
			targets = (
				4D65106E234E7FC800D02E24 /* Cineapp_1_1 */,
			);
		};
/* End PBXProject section */

/* Begin PBXResourcesBuildPhase section */
		4D65106D234E7FC800D02E24 /* Resources */ = {
			isa = PBXResourcesBuildPhase;
			buildActionMask = 2147483647;
			files = (
				4D65107D234E7FC800D02E24 /* LaunchScreen.storyboard in Resources */,
				4D65107A234E7FC800D02E24 /* Assets.xcassets in Resources */,
				4D651078234E7FC800D02E24 /* Main.storyboard in Resources */,
			);
			runOnlyForDeploymentPostprocessing = 0;
		};
/* End PBXResourcesBuildPhase section */

/* Begin PBXSourcesBuildPhase section */
		4D65106B234E7FC800D02E24 /* Sources */ = {
			isa = PBXSourcesBuildPhase;
			buildActionMask = 2147483647;
			files = (
				4D65109C235083F500D02E24 /* TicketViewController.swift in Sources */,
				4D651096234F07F700D02E24 /* ItemsMovie.swift in Sources */,
				4D6510982350181A00D02E24 /* PayViewController.swift in Sources */,
				4D6510A22350E87D00D02E24 /* ItemsCandy.swift in Sources */,
				4D651092234E8AA700D02E24 /* DetailViewController.swift in Sources */,
				4D651094234F064C00D02E24 /* TableViewCell.swift in Sources */,
				4D65109E2350E1CC00D02E24 /* CandyTableViewController.swift in Sources */,
				4D6510A4235101FE00D02E24 /* PayCandyViewController.swift in Sources */,
				4D651085234E82F200D02E24 /* TableViewController.swift in Sources */,
				4D651073234E7FC800D02E24 /* AppDelegate.swift in Sources */,
				4D6510A02350E47400D02E24 /* CandyTableViewCell.swift in Sources */,
			);
			runOnlyForDeploymentPostprocessing = 0;
		};
/* End PBXSourcesBuildPhase section */

/* Begin PBXVariantGroup section */
		4D651076234E7FC800D02E24 /* Main.storyboard */ = {
			isa = PBXVariantGroup;
			children = (
				4D651077234E7FC800D02E24 /* Base */,
			);
			name = Main.storyboard;
			sourceTree = "<group>";
		};
		4D65107B234E7FC800D02E24 /* LaunchScreen.storyboard */ = {
			isa = PBXVariantGroup;
			children = (
				4D65107C234E7FC800D02E24 /* Base */,
			);
			name = LaunchScreen.storyboard;
			sourceTree = "<group>";
		};
/* End PBXVariantGroup section */

/* Begin XCBuildConfiguration section */
		4D65107F234E7FC800D02E24 /* Debug */ = {
			isa = XCBuildConfiguration;
			buildSettings = {
				ALWAYS_SEARCH_USER_PATHS = NO;
				CLANG_ANALYZER_NONNULL = YES;
				CLANG_ANALYZER_NUMBER_OBJECT_CONVERSION = YES_AGGRESSIVE;
				CLANG_CXX_LANGUAGE_STANDARD = "gnu++14";
				CLANG_CXX_LIBRARY = "libc++";
				CLANG_ENABLE_MODULES = YES;
				CLANG_ENABLE_OBJC_ARC = YES;
				CLANG_ENABLE_OBJC_WEAK = YES;
				CLANG_WARN_BLOCK_CAPTURE_AUTORELEASING = YES;
				CLANG_WARN_BOOL_CONVERSION = YES;
				CLANG_WARN_COMMA = YES;
				CLANG_WARN_CONSTANT_CONVERSION = YES;
				CLANG_WARN_DEPRECATED_OBJC_IMPLEMENTATIONS = YES;
				CLANG_WARN_DIRECT_OBJC_ISA_USAGE = YES_ERROR;
				CLANG_WARN_DOCUMENTATION_COMMENTS = YES;
				CLANG_WARN_EMPTY_BODY = YES;
				CLANG_WARN_ENUM_CONVERSION = YES;
				CLANG_WARN_INFINITE_RECURSION = YES;
				CLANG_WARN_INT_CONVERSION = YES;
				CLANG_WARN_NON_LITERAL_NULL_CONVERSION = YES;
				CLANG_WARN_OBJC_IMPLICIT_RETAIN_SELF = YES;
				CLANG_WARN_OBJC_LITERAL_CONVERSION = YES;
				CLANG_WARN_OBJC_ROOT_CLASS = YES_ERROR;
				CLANG_WARN_RANGE_LOOP_ANALYSIS = YES;
				CLANG_WARN_STRICT_PROTOTYPES = YES;
				CLANG_WARN_SUSPICIOUS_MOVE = YES;
				CLANG_WARN_UNGUARDED_AVAILABILITY = YES_AGGRESSIVE;
				CLANG_WARN_UNREACHABLE_CODE = YES;
				CLANG_WARN__DUPLICATE_METHOD_MATCH = YES;
				CODE_SIGN_IDENTITY = "iPhone Developer";
				COPY_PHASE_STRIP = NO;
				DEBUG_INFORMATION_FORMAT = dwarf;
				ENABLE_STRICT_OBJC_MSGSEND = YES;
				ENABLE_TESTABILITY = YES;
				GCC_C_LANGUAGE_STANDARD = gnu11;
				GCC_DYNAMIC_NO_PIC = NO;
				GCC_NO_COMMON_BLOCKS = YES;
				GCC_OPTIMIZATION_LEVEL = 0;
				GCC_PREPROCESSOR_DEFINITIONS = (
					"DEBUG=1",
					"$(inherited)",
				);
				GCC_WARN_64_TO_32_BIT_CONVERSION = YES;
				GCC_WARN_ABOUT_RETURN_TYPE = YES_ERROR;
				GCC_WARN_UNDECLARED_SELECTOR = YES;
				GCC_WARN_UNINITIALIZED_AUTOS = YES_AGGRESSIVE;
				GCC_WARN_UNUSED_FUNCTION = YES;
				GCC_WARN_UNUSED_VARIABLE = YES;
				IPHONEOS_DEPLOYMENT_TARGET = 12.4;
				MTL_ENABLE_DEBUG_INFO = INCLUDE_SOURCE;
				MTL_FAST_MATH = YES;
				ONLY_ACTIVE_ARCH = YES;
				SDKROOT = iphoneos;
				SWIFT_ACTIVE_COMPILATION_CONDITIONS = DEBUG;
				SWIFT_OPTIMIZATION_LEVEL = "-Onone";
			};
			name = Debug;
		};
		4D651080234E7FC800D02E24 /* Release */ = {
			isa = XCBuildConfiguration;
			buildSettings = {
				ALWAYS_SEARCH_USER_PATHS = NO;
				CLANG_ANALYZER_NONNULL = YES;
				CLANG_ANALYZER_NUMBER_OBJECT_CONVERSION = YES_AGGRESSIVE;
				CLANG_CXX_LANGUAGE_STANDARD = "gnu++14";
				CLANG_CXX_LIBRARY = "libc++";
				CLANG_ENABLE_MODULES = YES;
				CLANG_ENABLE_OBJC_ARC = YES;
				CLANG_ENABLE_OBJC_WEAK = YES;
				CLANG_WARN_BLOCK_CAPTURE_AUTORELEASING = YES;
				CLANG_WARN_BOOL_CONVERSION = YES;
				CLANG_WARN_COMMA = YES;
				CLANG_WARN_CONSTANT_CONVERSION = YES;
				CLANG_WARN_DEPRECATED_OBJC_IMPLEMENTATIONS = YES;
				CLANG_WARN_DIRECT_OBJC_ISA_USAGE = YES_ERROR;
				CLANG_WARN_DOCUMENTATION_COMMENTS = YES;
				CLANG_WARN_EMPTY_BODY = YES;
				CLANG_WARN_ENUM_CONVERSION = YES;
				CLANG_WARN_INFINITE_RECURSION = YES;
				CLANG_WARN_INT_CONVERSION = YES;
				CLANG_WARN_NON_LITERAL_NULL_CONVERSION = YES;
				CLANG_WARN_OBJC_IMPLICIT_RETAIN_SELF = YES;
				CLANG_WARN_OBJC_LITERAL_CONVERSION = YES;
				CLANG_WARN_OBJC_ROOT_CLASS = YES_ERROR;
				CLANG_WARN_RANGE_LOOP_ANALYSIS = YES;
				CLANG_WARN_STRICT_PROTOTYPES = YES;
				CLANG_WARN_SUSPICIOUS_MOVE = YES;
				CLANG_WARN_UNGUARDED_AVAILABILITY = YES_AGGRESSIVE;
				CLANG_WARN_UNREACHABLE_CODE = YES;
				CLANG_WARN__DUPLICATE_METHOD_MATCH = YES;
				CODE_SIGN_IDENTITY = "iPhone Developer";
				COPY_PHASE_STRIP = NO;
				DEBUG_INFORMATION_FORMAT = "dwarf-with-dsym";
				ENABLE_NS_ASSERTIONS = NO;
				ENABLE_STRICT_OBJC_MSGSEND = YES;
				GCC_C_LANGUAGE_STANDARD = gnu11;
				GCC_NO_COMMON_BLOCKS = YES;
				GCC_WARN_64_TO_32_BIT_CONVERSION = YES;
				GCC_WARN_ABOUT_RETURN_TYPE = YES_ERROR;
				GCC_WARN_UNDECLARED_SELECTOR = YES;
				GCC_WARN_UNINITIALIZED_AUTOS = YES_AGGRESSIVE;
				GCC_WARN_UNUSED_FUNCTION = YES;
				GCC_WARN_UNUSED_VARIABLE = YES;
				IPHONEOS_DEPLOYMENT_TARGET = 12.4;
				MTL_ENABLE_DEBUG_INFO = NO;
				MTL_FAST_MATH = YES;
				SDKROOT = iphoneos;
				SWIFT_COMPILATION_MODE = wholemodule;
				SWIFT_OPTIMIZATION_LEVEL = "-O";
				VALIDATE_PRODUCT = YES;
			};
			name = Release;
		};
		4D651082234E7FC800D02E24 /* Debug */ = {
			isa = XCBuildConfiguration;
			buildSettings = {
				ASSETCATALOG_COMPILER_APPICON_NAME = AppIcon;
				CODE_SIGN_STYLE = Automatic;
				DEVELOPMENT_TEAM = R83P3CD95H;
				INFOPLIST_FILE = Cineapp_1_1/Info.plist;
				LD_RUNPATH_SEARCH_PATHS = (
					"$(inherited)",
					"@executable_path/Frameworks",
				);
				PRODUCT_BUNDLE_IDENTIFIER = "rodoortiz.Cineapp-1-1";
				PRODUCT_NAME = "$(TARGET_NAME)";
				SWIFT_VERSION = 5.0;
				TARGETED_DEVICE_FAMILY = "1,2";
			};
			name = Debug;
		};
		4D651083234E7FC800D02E24 /* Release */ = {
			isa = XCBuildConfiguration;
			buildSettings = {
				ASSETCATALOG_COMPILER_APPICON_NAME = AppIcon;
				CODE_SIGN_STYLE = Automatic;
				DEVELOPMENT_TEAM = R83P3CD95H;
				INFOPLIST_FILE = Cineapp_1_1/Info.plist;
				LD_RUNPATH_SEARCH_PATHS = (
					"$(inherited)",
					"@executable_path/Frameworks",
				);
				PRODUCT_BUNDLE_IDENTIFIER = "rodoortiz.Cineapp-1-1";
				PRODUCT_NAME = "$(TARGET_NAME)";
				SWIFT_VERSION = 5.0;
				TARGETED_DEVICE_FAMILY = "1,2";
			};
			name = Release;
		};
/* End XCBuildConfiguration section */

/* Begin XCConfigurationList section */
		4D65106A234E7FC700D02E24 /* Build configuration list for PBXProject "Cineapp_1_1" */ = {
			isa = XCConfigurationList;
			buildConfigurations = (
				4D65107F234E7FC800D02E24 /* Debug */,
				4D651080234E7FC800D02E24 /* Release */,
			);
			defaultConfigurationIsVisible = 0;
			defaultConfigurationName = Release;
		};
		4D651081234E7FC800D02E24 /* Build configuration list for PBXNativeTarget "Cineapp_1_1" */ = {
			isa = XCConfigurationList;
			buildConfigurations = (
				4D651082234E7FC800D02E24 /* Debug */,
				4D651083234E7FC800D02E24 /* Release */,
			);
			defaultConfigurationIsVisible = 0;
			defaultConfigurationName = Release;
		};
/* End XCConfigurationList section */
	};
	rootObject = 4D651067234E7FC700D02E24 /* Project object */;
}
